
Microsoft Visual Studio Solution File, Format Version 12.00
# Visual Studio Version 17
VisualStudioVersion = 17.2.32516.85
MinimumVisualStudioVersion = 10.0.40219.1
Project("{FAE04EC0-301F-11D3-BF4B-00C04F79EFBC}") = "Calculadora", "Calculadora\Calculadora.csproj", "{B1270246-5B58-48F5-B3FC-CCFADB20F8AD}"
EndProject
Global
	GlobalSection(SolutionConfigurationPlatforms) = preSolution
		Debug|Any CPU = Debug|Any CPU
		Release|Any CPU = Release|Any CPU
	EndGlobalSection
	GlobalSection(ProjectConfigurationPlatforms) = postSolution
		{B1270246-5B58-48F5-B3FC-CCFADB20F8AD}.Debug|Any CPU.ActiveCfg = Debug|Any CPU
		{B1270246-5B58-48F5-B3FC-CCFADB20F8AD}.Debug|Any CPU.Build.0 = Debug|Any CPU
		{B1270246-5B58-48F5-B3FC-CCFADB20F8AD}.Release|Any CPU.ActiveCfg = Release|Any CPU
		{B1270246-5B58-48F5-B3FC-CCFADB20F8AD}.Release|Any CPU.Build.0 = Release|Any CPU
	EndGlobalSection
	GlobalSection(SolutionProperties) = preSolution
		HideSolutionNode = FALSE
	EndGlobalSection
	GlobalSection(ExtensibilityGlobals) = postSolution
		SolutionGuid = {CF5E3201-206A-4694-8367-8113E859879E}
	EndGlobalSection
EndGlobal
